// !$*UTF8*$!
{
	archiveVersion = 1;
	classes = {
	};
	objectVersion = 54;
	objects = {

/* Begin PBXBuildFile section */
		0705CB392F9E91A0002E9DCC /* GodotFirebaseUser+Testing.swift in Sources */ = {isa = PBXBuildFile; fileRef = 0705CB382F9E91A0002E9DCC /* GodotFirebaseUser+Testing.swift */; };
		07202E752FAB345700C23B75 /* FirebaseCore in Frameworks */ = {isa = PBXBuildFile; productRef = 088139F22FA3C6C73B232B9C /* FirebaseCore */; };
		07202E762FAB345700C23B75 /* FirebaseAuth in Frameworks */ = {isa = PBXBuildFile; productRef = 5C489A971D1C3DAD1B4E9B96 /* FirebaseAuth */; };
		07202E772FAB345700C23B75 /* FirebaseFirestore in Frameworks */ = {isa = PBXBuildFile; productRef = B109982CFAA6AC62A6538018 /* FirebaseFirestore */; };
		07202E782FAB345700C23B75 /* GoogleSignIn in Frameworks */ = {isa = PBXBuildFile; productRef = 4D144D17A4D4491E0DB853E8 /* GoogleSignIn */; };
		07202E792FAB345700C23B75 /* FirebaseCore in Frameworks */ = {isa = PBXBuildFile; productRef = 088139F22FA3C6C73B232B9C /* FirebaseCore */; };
		07202E7A2FAB345700C23B75 /* FirebaseAuth in Frameworks */ = {isa = PBXBuildFile; productRef = 5C489A971D1C3DAD1B4E9B96 /* FirebaseAuth */; };
		07202E7B2FAB345700C23B75 /* FirebaseFirestore in Frameworks */ = {isa = PBXBuildFile; productRef = B109982CFAA6AC62A6538018 /* FirebaseFirestore */; };
		07202E7C2FAB345700C23B75 /* GoogleSignIn in Frameworks */ = {isa = PBXBuildFile; productRef = 4D144D17A4D4491E0DB853E8 /* GoogleSignIn */; };
		07202E812FAB347300C23B75 /* FirestoreTests+Tracking.swift in Sources */ = {isa = PBXBuildFile; fileRef = 07202E7F2FAB347300C23B75 /* FirestoreTests+Tracking.swift */; };
		07202E822FAB347300C23B75 /* FirestoreTests+TypeBridgeAndIsolation.swift in Sources */ = {isa = PBXBuildFile; fileRef = 07202E802FAB347300C23B75 /* FirestoreTests+TypeBridgeAndIsolation.swift */; };
		07202E832FAB347300C23B75 /* FirestoreTests+CollectionOps.swift in Sources */ = {isa = PBXBuildFile; fileRef = 07202E7D2FAB347300C23B75 /* FirestoreTests+CollectionOps.swift */; };
		07202E842FAB347300C23B75 /* FirestoreTests+DocumentOps.swift in Sources */ = {isa = PBXBuildFile; fileRef = 07202E7E2FAB347300C23B75 /* FirestoreTests+DocumentOps.swift */; };
		0721C6C12F82639B00A9BA75 /* XCTest.framework in Frameworks */ = {isa = PBXBuildFile; fileRef = 0721C6C02F82639B00A9BA75 /* XCTest.framework */; platformFilter = ios; };
		075063A92F9DCA6900BD141D /* Authentication.swift in Sources */ = {isa = PBXBuildFile; fileRef = 0750639D2F9DCA6900BD141D /* Authentication.swift */; };
		075063AA2F9DCA6900BD141D /* firebase_logger.mm in Sources */ = {isa = PBXBuildFile; fileRef = 075063A22F9DCA6900BD141D /* firebase_logger.mm */; };
		075063AB2F9DCA6900BD141D /* GodotFirebaseUser.mm in Sources */ = {isa = PBXBuildFile; fileRef = 0750639B2F9DCA6900BD141D /* GodotFirebaseUser.mm */; };
		075063AC2F9DCA6900BD141D /* FirebasePluginSignalEmitter.mm in Sources */ = {isa = PBXBuildFile; fileRef = 0750639F2F9DCA6900BD141D /* FirebasePluginSignalEmitter.mm */; };
		075063AD2F9DCA6900BD141D /* firebase_plugin.mm in Sources */ = {isa = PBXBuildFile; fileRef = 075063A42F9DCA6900BD141D /* firebase_plugin.mm */; };
		075063AE2F9DCA6900BD141D /* firebase_plugin_bootstrap.mm in Sources */ = {isa = PBXBuildFile; fileRef = 075063A62F9DCA6900BD141D /* firebase_plugin_bootstrap.mm */; };
		07AD64212FA4A996007711D9 /* Firestore.swift in Sources */ = {isa = PBXBuildFile; fileRef = 07AD64202FA4A996007711D9 /* Firestore.swift */; };
		07AD64282FA4A9A8007711D9 /* FirestoreDocument.mm in Sources */ = {isa = PBXBuildFile; fileRef = 07AD64232FA4A9A8007711D9 /* FirestoreDocument.mm */; };
		07AD64292FA4A9A8007711D9 /* FirestoreError.mm in Sources */ = {isa = PBXBuildFile; fileRef = 07AD64252FA4A9A8007711D9 /* FirestoreError.mm */; };
		07AD642A2FA4A9A8007711D9 /* FirestoreResult.mm in Sources */ = {isa = PBXBuildFile; fileRef = 07AD64272FA4A9A8007711D9 /* FirestoreResult.mm */; };
		07CE00152FA594F000C5BF24 /* LiveFirestoreBackend.swift in Sources */ = {isa = PBXBuildFile; fileRef = 07CE00142FA594F000C5BF24 /* LiveFirestoreBackend.swift */; };
		07DD23AB2F9E492F00AAA676 /* AuthenticationFixtures.swift in Sources */ = {isa = PBXBuildFile; fileRef = 07DD23AA2F9E492F00AAA676 /* AuthenticationFixtures.swift */; };
		07DD23AE2F9E494100AAA676 /* GodotFirebaseUserTests.swift in Sources */ = {isa = PBXBuildFile; fileRef = 07DD23AD2F9E494100AAA676 /* GodotFirebaseUserTests.swift */; };
		07DD23AF2F9E494100AAA676 /* AuthenticationTests.swift in Sources */ = {isa = PBXBuildFile; fileRef = 07DD23AC2F9E494100AAA676 /* AuthenticationTests.swift */; };
		07DD23B22F9E495C00AAA676 /* AuthProviding.swift in Sources */ = {isa = PBXBuildFile; fileRef = 07DD23B12F9E495C00AAA676 /* AuthProviding.swift */; };
		07E3DF902FA54AD2008A26D2 /* FirestoreFixtures.swift in Sources */ = {isa = PBXBuildFile; fileRef = 07E3DF8F2FA54AD2008A26D2 /* FirestoreFixtures.swift */; };
		07E3DF922FA54AF0008A26D2 /* FirestoreTests.swift in Sources */ = {isa = PBXBuildFile; fileRef = 07E3DF912FA54AF0008A26D2 /* FirestoreTests.swift */; };
		07STUB0012FA000000000001 /* GodotTestStubs.mm in Sources */ = {isa = PBXBuildFile; fileRef = 07STUB0012FA000000000002 /* GodotTestStubs.mm */; };
		07TEST0012FA000000000011 /* FirestoreDocument.mm in Sources */ = {isa = PBXBuildFile; fileRef = 07AD64232FA4A9A8007711D9 /* FirestoreDocument.mm */; };
		07TEST0012FA000000000012 /* FirestoreError.mm in Sources */ = {isa = PBXBuildFile; fileRef = 07AD64252FA4A9A8007711D9 /* FirestoreError.mm */; };
		07TEST0012FA000000000013 /* FirestoreResult.mm in Sources */ = {isa = PBXBuildFile; fileRef = 07AD64272FA4A9A8007711D9 /* FirestoreResult.mm */; };
		07TEST0012FA000000000014 /* GodotFirebaseUser.mm in Sources */ = {isa = PBXBuildFile; fileRef = 0750639B2F9DCA6900BD141D /* GodotFirebaseUser.mm */; };
		07TEST0012FA000000000021 /* Authentication.swift in Sources */ = {isa = PBXBuildFile; fileRef = 0750639D2F9DCA6900BD141D /* Authentication.swift */; };
		07TEST0012FA000000000022 /* AuthProviding.swift in Sources */ = {isa = PBXBuildFile; fileRef = 07DD23B12F9E495C00AAA676 /* AuthProviding.swift */; };
		07TEST0012FA000000000023 /* Firestore.swift in Sources */ = {isa = PBXBuildFile; fileRef = 07AD64202FA4A996007711D9 /* Firestore.swift */; };
/* End PBXBuildFile section */

/* Begin PBXContainerItemProxy section */
		0721C6A32F82629000A9BA75 /* PBXContainerItemProxy */ = {
			isa = PBXContainerItemProxy;
			containerPortal = 90CAAA8C24E71FF10013969F /* Project object */;
			proxyType = 1;
			remoteGlobalIDString = 90CAAA9324E71FF10013969F;
			remoteInfo = firebase_plugin;
		};
/* End PBXContainerItemProxy section */

/* Begin PBXCopyFilesBuildPhase section */
		90CAAA9224E71FF10013969F /* CopyFiles */ = {
			isa = PBXCopyFilesBuildPhase;
			buildActionMask = 2147483647;
			dstPath = "include/$(PRODUCT_NAME)";
			dstSubfolderSpec = 16;
			files = (
			);
			runOnlyForDeploymentPostprocessing = 0;
		};
/* End PBXCopyFilesBuildPhase section */

/* Begin PBXFileReference section */
		0705CB382F9E91A0002E9DCC /* GodotFirebaseUser+Testing.swift */ = {isa = PBXFileReference; lastKnownFileType = sourcecode.swift; path = "GodotFirebaseUser+Testing.swift"; sourceTree = "<group>"; };
		07202E7D2FAB347300C23B75 /* FirestoreTests+CollectionOps.swift */ = {isa = PBXFileReference; lastKnownFileType = sourcecode.swift; path = "FirestoreTests+CollectionOps.swift"; sourceTree = "<group>"; };
		07202E7E2FAB347300C23B75 /* FirestoreTests+DocumentOps.swift */ = {isa = PBXFileReference; lastKnownFileType = sourcecode.swift; path = "FirestoreTests+DocumentOps.swift"; sourceTree = "<group>"; };
		07202E7F2FAB347300C23B75 /* FirestoreTests+Tracking.swift */ = {isa = PBXFileReference; lastKnownFileType = sourcecode.swift; path = "FirestoreTests+Tracking.swift"; sourceTree = "<group>"; };
		07202E802FAB347300C23B75 /* FirestoreTests+TypeBridgeAndIsolation.swift */ = {isa = PBXFileReference; lastKnownFileType = sourcecode.swift; path = "FirestoreTests+TypeBridgeAndIsolation.swift"; sourceTree = "<group>"; };
		0721C69E2F82629000A9BA75 /* firebase_plugin_tests.xctest */ = {isa = PBXFileReference; explicitFileType = wrapper.cfbundle; includeInIndex = 0; path = firebase_plugin_tests.xctest; sourceTree = BUILT_PRODUCTS_DIR; };
		0721C6C02F82639B00A9BA75 /* XCTest.framework */ = {isa = PBXFileReference; lastKnownFileType = wrapper.framework; name = XCTest.framework; path = Platforms/iPhoneOS.platform/Developer/Library/Frameworks/XCTest.framework; sourceTree = DEVELOPER_DIR; };
		0750639A2F9DCA6900BD141D /* GodotFirebaseUser.h */ = {isa = PBXFileReference; lastKnownFileType = sourcecode.c.h; path = GodotFirebaseUser.h; sourceTree = "<group>"; };
		0750639B2F9DCA6900BD141D /* GodotFirebaseUser.mm */ = {isa = PBXFileReference; lastKnownFileType = sourcecode.cpp.objcpp; path = GodotFirebaseUser.mm; sourceTree = "<group>"; };
		0750639D2F9DCA6900BD141D /* Authentication.swift */ = {isa = PBXFileReference; lastKnownFileType = sourcecode.swift; path = Authentication.swift; sourceTree = "<group>"; };
		0750639E2F9DCA6900BD141D /* FirebasePluginSignalEmitter.h */ = {isa = PBXFileReference; lastKnownFileType = sourcecode.c.h; path = FirebasePluginSignalEmitter.h; sourceTree = "<group>"; };
		0750639F2F9DCA6900BD141D /* FirebasePluginSignalEmitter.mm */ = {isa = PBXFileReference; lastKnownFileType = sourcecode.cpp.objcpp; path = FirebasePluginSignalEmitter.mm; sourceTree = "<group>"; };
		075063A12F9DCA6900BD141D /* firebase_logger.h */ = {isa = PBXFileReference; lastKnownFileType = sourcecode.c.h; path = firebase_logger.h; sourceTree = "<group>"; };
		075063A22F9DCA6900BD141D /* firebase_logger.mm */ = {isa = PBXFileReference; lastKnownFileType = sourcecode.cpp.objcpp; path = firebase_logger.mm; sourceTree = "<group>"; };
		075063A32F9DCA6900BD141D /* firebase_plugin.h */ = {isa = PBXFileReference; lastKnownFileType = sourcecode.c.h; path = firebase_plugin.h; sourceTree = "<group>"; };
		075063A42F9DCA6900BD141D /* firebase_plugin.mm */ = {isa = PBXFileReference; lastKnownFileType = sourcecode.cpp.objcpp; path = firebase_plugin.mm; sourceTree = "<group>"; };
		075063A52F9DCA6900BD141D /* firebase_plugin_bootstrap.h */ = {isa = PBXFileReference; lastKnownFileType = sourcecode.c.h; path = firebase_plugin_bootstrap.h; sourceTree = "<group>"; };
		075063A62F9DCA6900BD141D /* firebase_plugin_bootstrap.mm */ = {isa = PBXFileReference; lastKnownFileType = sourcecode.cpp.objcpp; path = firebase_plugin_bootstrap.mm; sourceTree = "<group>"; };
		075063A72F9DCA6900BD141D /* firebase_plugin-Bridging-Header.h */ = {isa = PBXFileReference; lastKnownFileType = sourcecode.c.h; path = "firebase_plugin-Bridging-Header.h"; sourceTree = "<group>"; };
		077A5C1A2FA5A0B600FCB11D /* UIKit.framework */ = {isa = PBXFileReference; lastKnownFileType = wrapper.framework; name = UIKit.framework; path = Platforms/MacOSX.platform/Developer/SDKs/MacOSX26.0.sdk/System/iOSSupport/System/Library/Frameworks/UIKit.framework; sourceTree = DEVELOPER_DIR; };
		077A5C1C2FA5A0C100FCB11D /* Foundation.framework */ = {isa = PBXFileReference; lastKnownFileType = wrapper.framework; name = Foundation.framework; path = Platforms/MacOSX.platform/Developer/SDKs/MacOSX26.0.sdk/System/Library/Frameworks/Foundation.framework; sourceTree = DEVELOPER_DIR; };
		078C028D2FA4EB4F00A36E2F /* FirestoreSignals.h */ = {isa = PBXFileReference; lastKnownFileType = sourcecode.c.h; path = FirestoreSignals.h; sourceTree = "<group>"; };
		07AD64202FA4A996007711D9 /* Firestore.swift */ = {isa = PBXFileReference; lastKnownFileType = sourcecode.swift; path = Firestore.swift; sourceTree = "<group>"; };
		07AD64222FA4A9A8007711D9 /* FirestoreDocument.h */ = {isa = PBXFileReference; lastKnownFileType = sourcecode.c.h; path = FirestoreDocument.h; sourceTree = "<group>"; };
		07AD64232FA4A9A8007711D9 /* FirestoreDocument.mm */ = {isa = PBXFileReference; lastKnownFileType = sourcecode.cpp.objcpp; path = FirestoreDocument.mm; sourceTree = "<group>"; };
		07AD64242FA4A9A8007711D9 /* FirestoreError.h */ = {isa = PBXFileReference; lastKnownFileType = sourcecode.c.h; path = FirestoreError.h; sourceTree = "<group>"; };
		07AD64252FA4A9A8007711D9 /* FirestoreError.mm */ = {isa = PBXFileReference; lastKnownFileType = sourcecode.cpp.objcpp; path = FirestoreError.mm; sourceTree = "<group>"; };
		07AD64262FA4A9A8007711D9 /* FirestoreResult.h */ = {isa = PBXFileReference; lastKnownFileType = sourcecode.c.h; path = FirestoreResult.h; sourceTree = "<group>"; };
		07AD64272FA4A9A8007711D9 /* FirestoreResult.mm */ = {isa = PBXFileReference; lastKnownFileType = sourcecode.cpp.objcpp; path = FirestoreResult.mm; sourceTree = "<group>"; };
		07C7656A2FA59FDA007FC761 /* GameController.framework */ = {isa = PBXFileReference; lastKnownFileType = wrapper.framework; name = GameController.framework; path = Platforms/MacOSX.platform/Developer/SDKs/MacOSX26.0.sdk/System/iOSSupport/System/Library/Frameworks/GameController.framework; sourceTree = DEVELOPER_DIR; };
		07C7656C2FA59FEE007FC761 /* CoreText.framework */ = {isa = PBXFileReference; lastKnownFileType = wrapper.framework; name = CoreText.framework; path = Platforms/MacOSX.platform/Developer/SDKs/MacOSX26.0.sdk/System/Library/Frameworks/CoreText.framework; sourceTree = DEVELOPER_DIR; };
		07C7656E2FA59FF9007FC761 /* QuartzCore.framework */ = {isa = PBXFileReference; lastKnownFileType = wrapper.framework; name = QuartzCore.framework; path = Platforms/MacOSX.platform/Developer/SDKs/MacOSX26.0.sdk/System/Library/Frameworks/QuartzCore.framework; sourceTree = DEVELOPER_DIR; };
		07CE00142FA594F000C5BF24 /* LiveFirestoreBackend.swift */ = {isa = PBXFileReference; lastKnownFileType = sourcecode.swift; path = LiveFirestoreBackend.swift; sourceTree = "<group>"; };
		07DD23AA2F9E492F00AAA676 /* AuthenticationFixtures.swift */ = {isa = PBXFileReference; lastKnownFileType = sourcecode.swift; path = AuthenticationFixtures.swift; sourceTree = "<group>"; };
		07DD23AC2F9E494100AAA676 /* AuthenticationTests.swift */ = {isa = PBXFileReference; lastKnownFileType = sourcecode.swift; path = AuthenticationTests.swift; sourceTree = "<group>"; };
		07DD23AD2F9E494100AAA676 /* GodotFirebaseUserTests.swift */ = {isa = PBXFileReference; lastKnownFileType = sourcecode.swift; path = GodotFirebaseUserTests.swift; sourceTree = "<group>"; };
		07DD23B02F9E495C00AAA676 /* SignalEmitting.h */ = {isa = PBXFileReference; lastKnownFileType = sourcecode.c.h; path = SignalEmitting.h; sourceTree = "<group>"; };
		07DD23B12F9E495C00AAA676 /* AuthProviding.swift */ = {isa = PBXFileReference; lastKnownFileType = sourcecode.swift; path = AuthProviding.swift; sourceTree = "<group>"; };
		07E3DF8F2FA54AD2008A26D2 /* FirestoreFixtures.swift */ = {isa = PBXFileReference; lastKnownFileType = sourcecode.swift; path = FirestoreFixtures.swift; sourceTree = "<group>"; };
		07E3DF912FA54AF0008A26D2 /* FirestoreTests.swift */ = {isa = PBXFileReference; lastKnownFileType = sourcecode.swift; path = FirestoreTests.swift; sourceTree = "<group>"; };
		07STUB0012FA000000000002 /* GodotTestStubs.mm */ = {isa = PBXFileReference; lastKnownFileType = sourcecode.cpp.objcpp; path = GodotTestStubs.mm; sourceTree = "<group>"; };
		90CAAA9424E71FF10013969F /* libfirebase_plugin.a */ = {isa = PBXFileReference; explicitFileType = archive.ar; includeInIndex = 0; path = libfirebase_plugin.a; sourceTree = BUILT_PRODUCTS_DIR; };
/* End PBXFileReference section */

/* Begin PBXFrameworksBuildPhase section */
		0721C69B2F82629000A9BA75 /* Frameworks */ = {
			isa = PBXFrameworksBuildPhase;
			buildActionMask = 2147483647;
			files = (
				07202E7C2FAB345700C23B75 /* GoogleSignIn in Frameworks */,
				07202E792FAB345700C23B75 /* FirebaseCore in Frameworks */,
				07202E7B2FAB345700C23B75 /* FirebaseFirestore in Frameworks */,
				07202E7A2FAB345700C23B75 /* FirebaseAuth in Frameworks */,
				0721C6C12F82639B00A9BA75 /* XCTest.framework in Frameworks */,
			);
			runOnlyForDeploymentPostprocessing = 0;
		};
		90CAAA9124E71FF10013969F /* Frameworks */ = {
			isa = PBXFrameworksBuildPhase;
			buildActionMask = 2147483647;
			files = (
				07202E782FAB345700C23B75 /* GoogleSignIn in Frameworks */,
				07202E772FAB345700C23B75 /* FirebaseFirestore in Frameworks */,
				07202E762FAB345700C23B75 /* FirebaseAuth in Frameworks */,
				07202E752FAB345700C23B75 /* FirebaseCore in Frameworks */,
			);
			runOnlyForDeploymentPostprocessing = 0;
		};
/* End PBXFrameworksBuildPhase section */

/* Begin PBXGroup section */
		073E18652F835E0400D42B57 /* fixtures */ = {
			isa = PBXGroup;
			children = (
				07STUB0012FA000000000002 /* GodotTestStubs.mm */,
				07E3DF8F2FA54AD2008A26D2 /* FirestoreFixtures.swift */,
				07DD23AA2F9E492F00AAA676 /* AuthenticationFixtures.swift */,
			);
			path = fixtures;
			sourceTree = "<group>";
		};
		073E186F2F835E0400D42B57 /* unit */ = {
			isa = PBXGroup;
			children = (
				07202E7D2FAB347300C23B75 /* FirestoreTests+CollectionOps.swift */,
				07202E7E2FAB347300C23B75 /* FirestoreTests+DocumentOps.swift */,
				07202E7F2FAB347300C23B75 /* FirestoreTests+Tracking.swift */,
				07202E802FAB347300C23B75 /* FirestoreTests+TypeBridgeAndIsolation.swift */,
				07E3DF912FA54AF0008A26D2 /* FirestoreTests.swift */,
				0705CB382F9E91A0002E9DCC /* GodotFirebaseUser+Testing.swift */,
				07DD23AC2F9E494100AAA676 /* AuthenticationTests.swift */,
				07DD23AD2F9E494100AAA676 /* GodotFirebaseUserTests.swift */,
			);
			path = unit;
			sourceTree = "<group>";
		};
		073E18702F835E0400D42B57 /* test */ = {
			isa = PBXGroup;
			children = (
				073E18652F835E0400D42B57 /* fixtures */,
				073E186F2F835E0400D42B57 /* unit */,
			);
			path = test;
			sourceTree = "<group>";
		};
		0750639C2F9DCA6900BD141D /* model */ = {
			isa = PBXGroup;
			children = (
				07AD64222FA4A9A8007711D9 /* FirestoreDocument.h */,
				07AD64232FA4A9A8007711D9 /* FirestoreDocument.mm */,
				07AD64242FA4A9A8007711D9 /* FirestoreError.h */,
				07AD64252FA4A9A8007711D9 /* FirestoreError.mm */,
				07AD64262FA4A9A8007711D9 /* FirestoreResult.h */,
				07AD64272FA4A9A8007711D9 /* FirestoreResult.mm */,
				0750639A2F9DCA6900BD141D /* GodotFirebaseUser.h */,
				0750639B2F9DCA6900BD141D /* GodotFirebaseUser.mm */,
			);
			path = model;
			sourceTree = "<group>";
		};
		075063A02F9DCA6900BD141D /* module */ = {
			isa = PBXGroup;
			children = (
				07CE00142FA594F000C5BF24 /* LiveFirestoreBackend.swift */,
				078C028D2FA4EB4F00A36E2F /* FirestoreSignals.h */,
				07AD64202FA4A996007711D9 /* Firestore.swift */,
				07DD23B02F9E495C00AAA676 /* SignalEmitting.h */,
				07DD23B12F9E495C00AAA676 /* AuthProviding.swift */,
				0750639D2F9DCA6900BD141D /* Authentication.swift */,
				0750639E2F9DCA6900BD141D /* FirebasePluginSignalEmitter.h */,
				0750639F2F9DCA6900BD141D /* FirebasePluginSignalEmitter.mm */,
			);
			path = module;
			sourceTree = "<group>";
		};
		075063A82F9DCA6900BD141D /* src */ = {
			isa = PBXGroup;
			children = (
				0750639C2F9DCA6900BD141D /* model */,
				075063A02F9DCA6900BD141D /* module */,
				075063A12F9DCA6900BD141D /* firebase_logger.h */,
				075063A22F9DCA6900BD141D /* firebase_logger.mm */,
				075063A32F9DCA6900BD141D /* firebase_plugin.h */,
				075063A42F9DCA6900BD141D /* firebase_plugin.mm */,
				075063A52F9DCA6900BD141D /* firebase_plugin_bootstrap.h */,
				075063A62F9DCA6900BD141D /* firebase_plugin_bootstrap.mm */,
				075063A72F9DCA6900BD141D /* firebase_plugin-Bridging-Header.h */,
			);
			path = src;
			sourceTree = "<group>";
		};
		90CAAA8B24E71FF10013969F = {
			isa = PBXGroup;
			children = (
				075063A82F9DCA6900BD141D /* src */,
				073E18702F835E0400D42B57 /* test */,
				90CAAA9524E71FF10013969F /* Products */,
				90CAAAA824E72A8A0013969F /* Frameworks */,
			);
			sourceTree = "<group>";
		};
		90CAAA9524E71FF10013969F /* Products */ = {
			isa = PBXGroup;
			children = (
				90CAAA9424E71FF10013969F /* libfirebase_plugin.a */,
				0721C69E2F82629000A9BA75 /* firebase_plugin_tests.xctest */,
			);
			name = Products;
			sourceTree = "<group>";
		};
		90CAAAA824E72A8A0013969F /* Frameworks */ = {
			isa = PBXGroup;
			children = (
				077A5C1C2FA5A0C100FCB11D /* Foundation.framework */,
				077A5C1A2FA5A0B600FCB11D /* UIKit.framework */,
				07C7656E2FA59FF9007FC761 /* QuartzCore.framework */,
				07C7656C2FA59FEE007FC761 /* CoreText.framework */,
				07C7656A2FA59FDA007FC761 /* GameController.framework */,
				0721C6C02F82639B00A9BA75 /* XCTest.framework */,
			);
			name = Frameworks;
			sourceTree = "<group>";
		};
/* End PBXGroup section */

/* Begin PBXNativeTarget section */
		0721C69D2F82629000A9BA75 /* firebase_plugin_tests */ = {
			isa = PBXNativeTarget;
			buildConfigurationList = 0721C6A72F82629000A9BA75 /* Build configuration list for PBXNativeTarget "firebase_plugin_tests" */;
			buildPhases = (
				0721C69A2F82629000A9BA75 /* Sources */,
				0721C69B2F82629000A9BA75 /* Frameworks */,
				0721C69C2F82629000A9BA75 /* Resources */,
			);
			buildRules = (
			);
			dependencies = (
				0721C6A42F82629000A9BA75 /* PBXTargetDependency */,
			);
			name = firebase_plugin_tests;
			packageProductDependencies = (
				088139F22FA3C6C73B232B9C /* FirebaseCore */,
				5C489A971D1C3DAD1B4E9B96 /* FirebaseAuth */,
				B109982CFAA6AC62A6538018 /* FirebaseFirestore */,
				4D144D17A4D4491E0DB853E8 /* GoogleSignIn */,
			);
			productName = firebase_plugin_tests;
			productReference = 0721C69E2F82629000A9BA75 /* firebase_plugin_tests.xctest */;
			productType = "com.apple.product-type.bundle.unit-test";
		};
		90CAAA9324E71FF10013969F /* firebase_plugin */ = {
			isa = PBXNativeTarget;
			buildConfigurationList = 90CAAA9D24E71FF10013969F /* Build configuration list for PBXNativeTarget "firebase_plugin" */;
			buildPhases = (
				90CAAA9024E71FF10013969F /* Sources */,
				90CAAA9124E71FF10013969F /* Frameworks */,
				90CAAA9224E71FF10013969F /* CopyFiles */,
			);
			buildRules = (
			);
			dependencies = (
			);
			name = firebase_plugin;
			packageProductDependencies = (
				088139F22FA3C6C73B232B9C /* FirebaseCore */,
				5C489A971D1C3DAD1B4E9B96 /* FirebaseAuth */,
				B109982CFAA6AC62A6538018 /* FirebaseFirestore */,
				4D144D17A4D4491E0DB853E8 /* GoogleSignIn */,
			);
			productName = firebase_plugin;
			productReference = 90CAAA9424E71FF10013969F /* libfirebase_plugin.a */;
			productType = "com.apple.product-type.library.static";
		};
/* End PBXNativeTarget section */

/* Begin PBXProject section */
		90CAAA8C24E71FF10013969F /* Project object */ = {
			isa = PBXProject;
			attributes = {
				BuildIndependentTargetsInParallel = YES;
				LastSwiftUpdateCheck = 2600;
				LastUpgradeCheck = 2600;
				ORGANIZATIONNAME = Godot;
				TargetAttributes = {
					0721C69D2F82629000A9BA75 = {
						CreatedOnToolsVersion = 26.0;
					};
					90CAAA9324E71FF10013969F = {
						CreatedOnToolsVersion = 11.6;
						LastSwiftMigration = 1230;
					};
				};
			};
			buildConfigurationList = 90CAAA8F24E71FF10013969F /* Build configuration list for PBXProject "plugin" */;
			compatibilityVersion = "Xcode 9.3";
			developmentRegion = en;
			hasScannedForEncodings = 0;
			knownRegions = (
				en,
				Base,
			);
			mainGroup = 90CAAA8B24E71FF10013969F;
			packageReferences = (
				242AC6633D13604C2C1C5F9A /* XCRemoteSwiftPackageReference "firebase-ios-sdk" */,
				49C20921F432F63AEA538463 /* XCRemoteSwiftPackageReference "GoogleSignIn-iOS" */,
			);
			productRefGroup = 90CAAA9524E71FF10013969F /* Products */;
			projectDirPath = "";
			projectRoot = "";
			targets = (
				90CAAA9324E71FF10013969F /* firebase_plugin */,
				0721C69D2F82629000A9BA75 /* firebase_plugin_tests */,
			);
		};
/* End PBXProject section */

/* Begin PBXResourcesBuildPhase section */
		0721C69C2F82629000A9BA75 /* Resources */ = {
			isa = PBXResourcesBuildPhase;
			buildActionMask = 2147483647;
			files = (
			);
			runOnlyForDeploymentPostprocessing = 0;
		};
/* End PBXResourcesBuildPhase section */

/* Begin PBXSourcesBuildPhase section */
		0721C69A2F82629000A9BA75 /* Sources */ = {
			isa = PBXSourcesBuildPhase;
			buildActionMask = 2147483647;
			files = (
				07TEST0012FA000000000021 /* Authentication.swift in Sources */,
				07TEST0012FA000000000022 /* AuthProviding.swift in Sources */,
				07202E812FAB347300C23B75 /* FirestoreTests+Tracking.swift in Sources */,
				07202E822FAB347300C23B75 /* FirestoreTests+TypeBridgeAndIsolation.swift in Sources */,
				07202E832FAB347300C23B75 /* FirestoreTests+CollectionOps.swift in Sources */,
				07202E842FAB347300C23B75 /* FirestoreTests+DocumentOps.swift in Sources */,
				07TEST0012FA000000000023 /* Firestore.swift in Sources */,
				07TEST0012FA000000000011 /* FirestoreDocument.mm in Sources */,
				07TEST0012FA000000000012 /* FirestoreError.mm in Sources */,
				07TEST0012FA000000000013 /* FirestoreResult.mm in Sources */,
				07TEST0012FA000000000014 /* GodotFirebaseUser.mm in Sources */,
				07STUB0012FA000000000001 /* GodotTestStubs.mm in Sources */,
				07E3DF902FA54AD2008A26D2 /* FirestoreFixtures.swift in Sources */,
				07E3DF922FA54AF0008A26D2 /* FirestoreTests.swift in Sources */,
				0705CB392F9E91A0002E9DCC /* GodotFirebaseUser+Testing.swift in Sources */,
				07DD23AB2F9E492F00AAA676 /* AuthenticationFixtures.swift in Sources */,
				07DD23AE2F9E494100AAA676 /* GodotFirebaseUserTests.swift in Sources */,
				07DD23AF2F9E494100AAA676 /* AuthenticationTests.swift in Sources */,
			);
			runOnlyForDeploymentPostprocessing = 0;
		};
		90CAAA9024E71FF10013969F /* Sources */ = {
			isa = PBXSourcesBuildPhase;
			buildActionMask = 2147483647;
			files = (
				075063A92F9DCA6900BD141D /* Authentication.swift in Sources */,
				075063AA2F9DCA6900BD141D /* firebase_logger.mm in Sources */,
				07AD64282FA4A9A8007711D9 /* FirestoreDocument.mm in Sources */,
				07AD64292FA4A9A8007711D9 /* FirestoreError.mm in Sources */,
				07AD642A2FA4A9A8007711D9 /* FirestoreResult.mm in Sources */,
				075063AB2F9DCA6900BD141D /* GodotFirebaseUser.mm in Sources */,
				075063AC2F9DCA6900BD141D /* FirebasePluginSignalEmitter.mm in Sources */,
				075063AD2F9DCA6900BD141D /* firebase_plugin.mm in Sources */,
				07CE00152FA594F000C5BF24 /* LiveFirestoreBackend.swift in Sources */,
				07AD64212FA4A996007711D9 /* Firestore.swift in Sources */,
				075063AE2F9DCA6900BD141D /* firebase_plugin_bootstrap.mm in Sources */,
				07DD23B22F9E495C00AAA676 /* AuthProviding.swift in Sources */,
			);
			runOnlyForDeploymentPostprocessing = 0;
		};
/* End PBXSourcesBuildPhase section */

/* Begin PBXTargetDependency section */
		0721C6A42F82629000A9BA75 /* PBXTargetDependency */ = {
			isa = PBXTargetDependency;
			target = 90CAAA9324E71FF10013969F /* firebase_plugin */;
			targetProxy = 0721C6A32F82629000A9BA75 /* PBXContainerItemProxy */;
		};
/* End PBXTargetDependency section */

/* Begin XCBuildConfiguration section */
		0721C6A52F82629000A9BA75 /* Debug */ = {
			isa = XCBuildConfiguration;
			buildSettings = {
				ASSETCATALOG_COMPILER_GENERATE_SWIFT_ASSET_SYMBOL_EXTENSIONS = YES;
				CLANG_ALLOW_NON_MODULAR_INCLUDES_IN_FRAMEWORK_MODULES = YES;
				CLANG_CXX_LANGUAGE_STANDARD = "gnu++17";
				CLANG_ENABLE_MODULES = YES;
				CLANG_WARN_QUOTED_INCLUDE_IN_FRAMEWORK_HEADER = YES;
				CODE_SIGN_STYLE = Automatic;
				CURRENT_PROJECT_VERSION = 1;
				DEVELOPMENT_TEAM = UC9RM2H3ML;
				ENABLE_USER_SCRIPT_SANDBOXING = YES;
				GCC_C_LANGUAGE_STANDARD = gnu17;
				GENERATE_INFOPLIST_FILE = YES;
				GODOT_DIR = "$(SRCROOT)/godot";
				HEADER_SEARCH_PATHS = (
					"$(inherited)",
					"$(CONFIGURATION_TEMP_DIR)/firebase_plugin.build/DerivedSources",
					"$(SRCROOT)/test/fixtures",
					"$(SRCROOT)/src",
				);
				IPHONEOS_DEPLOYMENT_TARGET = 16.0;
				LD_RUNPATH_SEARCH_PATHS = (
					"$(inherited)",
					"@executable_path/Frameworks",
					"@loader_path/Frameworks",
				);
				LIBRARY_SEARCH_PATHS = (
					"$(inherited)",
					"$(GODOT_DIR)/bin",
				);
				LOCALIZATION_PREFERS_STRING_CATALOGS = YES;
				MARKETING_VERSION = 1.0;
				OTHER_CFLAGS = (
					"-g",
					"-DDEBUG",
					"-DDEBUG_ENABLED",
					"-DDEBUG_MEMORY_ALLOC",
					"-DDISABLE_FORCED_INLINE",
					"-DTYPED_METHOD_BIND",
					"-fmodules",
					"-fobjc-arc",
					"-fmessage-length=0",
					"-fno-strict-aliasing",
					"-fdiagnostics-print-source-range-info",
					"-fdiagnostics-show-category=id",
					"-fdiagnostics-parseable-fixits",
					"-fpascal-strings",
					"-fblocks",
					"-fvisibility=hidden",
					"-MMD",
					"-fno-exceptions",
					"-Wno-ambiguous-macro",
					"-Wall",
					"-Werror=return-type",
					"-DPTRCALL_ENABLED",
				);
				OTHER_CPLUSPLUSFLAGS = (
					"-fcxx-modules",
					"-gdwarf-2",
					"-O0",
					"-DDEBUG_MEMORY_ALLOC",
					"-DDISABLE_FORCED_INLINE",
					"-D_DEBUG",
					"-DDEBUG=1",
					"-DDEBUG_ENABLED",
					"-DVERSION_4_0",
					"-DIOS_ENABLED",
					"-DNEED_LONG_INT",
					"-DLIBYUV_DISABLE_NEON",
					"-DIPHONE_ENABLED",
					"-DUNIX_ENABLED",
					"-DCOREAUDIO_ENABLED",
					"-DAPPLE_EMBEDDED_ENABLED",
					"-isystem",
					"$(GODOT_DIR)",
					"-isystem",
					"$(GODOT_DIR)/drivers/apple_embedded",
					"-isystem",
					"$(GODOT_DIR)/platform/ios",
				);
				OTHER_LDFLAGS = (
					"$(inherited)",
					"$(GODOT_DIR)/bin/libgodot.ios.template_debug.$(CURRENT_ARCH).simulator.a",
					"-ObjC",
				);
				PRODUCT_BUNDLE_IDENTIFIER = "org.godotengine.plugin.plugin-template-unit-tests";
				PRODUCT_NAME = "$(TARGET_NAME)";
				STRING_CATALOG_GENERATE_SYMBOLS = NO;
				SWIFT_ACTIVE_COMPILATION_CONDITIONS = "DEBUG $(inherited)";
				SWIFT_APPROACHABLE_CONCURRENCY = YES;
				SWIFT_EMIT_LOC_STRINGS = NO;
				SWIFT_OBJC_BRIDGING_HEADER = "src/firebase_plugin-Bridging-Header.h";
				SWIFT_OPTIMIZATION_LEVEL = "-Onone";
				SWIFT_UPCOMING_FEATURE_MEMBER_IMPORT_VISIBILITY = YES;
				SWIFT_VERSION = 5.9;
				TARGETED_DEVICE_FAMILY = "1,2";
			};
			name = Debug;
		};
		0721C6A62F82629000A9BA75 /* Release */ = {
			isa = XCBuildConfiguration;
			buildSettings = {
				ASSETCATALOG_COMPILER_GENERATE_SWIFT_ASSET_SYMBOL_EXTENSIONS = YES;
				CLANG_ALLOW_NON_MODULAR_INCLUDES_IN_FRAMEWORK_MODULES = YES;
				CLANG_CXX_LANGUAGE_STANDARD = "gnu++17";
				CLANG_ENABLE_MODULES = YES;
				CLANG_WARN_QUOTED_INCLUDE_IN_FRAMEWORK_HEADER = YES;
				CODE_SIGN_STYLE = Automatic;
				CURRENT_PROJECT_VERSION = 1;
				DEVELOPMENT_TEAM = UC9RM2H3ML;
				ENABLE_USER_SCRIPT_SANDBOXING = YES;
				GCC_C_LANGUAGE_STANDARD = gnu17;
				GENERATE_INFOPLIST_FILE = YES;
				GODOT_DIR = "$(SRCROOT)/godot";
				HEADER_SEARCH_PATHS = (
					"$(inherited)",
					"$(CONFIGURATION_TEMP_DIR)/firebase_plugin.build/DerivedSources",
					"$(SRCROOT)/test/fixtures",
					"$(SRCROOT)/src",
				);
				IPHONEOS_DEPLOYMENT_TARGET = 16.0;
				LD_RUNPATH_SEARCH_PATHS = (
					"$(inherited)",
					"@executable_path/Frameworks",
					"@loader_path/Frameworks",
				);
				LIBRARY_SEARCH_PATHS = (
					"$(inherited)",
					"$(GODOT_DIR)/bin",
				);
				LOCALIZATION_PREFERS_STRING_CATALOGS = YES;
				MARKETING_VERSION = 1.0;
				OTHER_CFLAGS = (
					"-fmodules",
					"-fobjc-arc",
					"-fmessage-length=0",
					"-fno-strict-aliasing",
					"-fdiagnostics-print-source-range-info",
					"-fdiagnostics-show-category=id",
					"-fdiagnostics-parseable-fixits",
					"-fpascal-strings",
					"-fblocks",
					"-fvisibility=hidden",
					"-MMD",
					"-fno-exceptions",
					"-Wno-ambiguous-macro",
					"-Wall",
					"-Werror=return-type",
					"-DPTRCALL_ENABLED",
				);
				OTHER_CPLUSPLUSFLAGS = (
					"-fcxx-modules",
					"-O2",
					"-ftree-vectorize",
					"-DNDEBUG",
					"-DNS_BLOCK_ASSERTIONS=1",
					"-DVERSION_4_0",
					"-DIOS_ENABLED",
					"-DNEED_LONG_INT",
					"-DLIBYUV_DISABLE_NEON",
					"-DIPHONE_ENABLED",
					"-DUNIX_ENABLED",
					"-DCOREAUDIO_ENABLED",
					"-DAPPLE_EMBEDDED_ENABLED",
					"-isystem",
					"$(GODOT_DIR)",
					"-isystem",
					"$(GODOT_DIR)/drivers/apple_embedded",
					"-isystem",
					"$(GODOT_DIR)/platform/ios",
				);
				OTHER_LDFLAGS = (
					"$(inherited)",
					"$(GODOT_DIR)/bin/libgodot.ios.template_debug.$(CURRENT_ARCH).simulator.a",
					"-ObjC",
				);
				PRODUCT_BUNDLE_IDENTIFIER = "org.godotengine.plugin.plugin-template-unit-tests";
				PRODUCT_NAME = "$(TARGET_NAME)";
				STRING_CATALOG_GENERATE_SYMBOLS = NO;
				SWIFT_APPROACHABLE_CONCURRENCY = YES;
				SWIFT_COMPILATION_MODE = wholemodule;
				SWIFT_EMIT_LOC_STRINGS = NO;
				SWIFT_OBJC_BRIDGING_HEADER = "src/firebase_plugin-Bridging-Header.h";
				SWIFT_UPCOMING_FEATURE_MEMBER_IMPORT_VISIBILITY = YES;
				SWIFT_VERSION = 5.9;
				TARGETED_DEVICE_FAMILY = "1,2";
			};
			name = Release;
		};
		90CAAA9B24E71FF10013969F /* Debug */ = {
			isa = XCBuildConfiguration;
			buildSettings = {
				ALWAYS_SEARCH_USER_PATHS = NO;
				CLANG_ANALYZER_NONNULL = YES;
				CLANG_ANALYZER_NUMBER_OBJECT_CONVERSION = YES_AGGRESSIVE;
				CLANG_CXX_LANGUAGE_STANDARD = "gnu++17";
				CLANG_CXX_LIBRARY = "libc++";
				CLANG_ENABLE_MODULES = YES;
				CLANG_ENABLE_OBJC_ARC = YES;
				CLANG_ENABLE_OBJC_WEAK = YES;
				CLANG_WARN_BLOCK_CAPTURE_AUTORELEASING = YES;
				CLANG_WARN_BOOL_CONVERSION = YES;
				CLANG_WARN_COMMA = YES;
				CLANG_WARN_CONSTANT_CONVERSION = YES;
				CLANG_WARN_DEPRECATED_OBJC_IMPLEMENTATIONS = YES;
				CLANG_WARN_DIRECT_OBJC_ISA_USAGE = YES_ERROR;
				CLANG_WARN_DOCUMENTATION_COMMENTS = YES;
				CLANG_WARN_EMPTY_BODY = YES;
				CLANG_WARN_ENUM_CONVERSION = YES;
				CLANG_WARN_INFINITE_RECURSION = YES;
				CLANG_WARN_INT_CONVERSION = YES;
				CLANG_WARN_NON_LITERAL_NULL_CONVERSION = YES;
				CLANG_WARN_OBJC_IMPLICIT_RETAIN_SELF = YES;
				CLANG_WARN_OBJC_LITERAL_CONVERSION = YES;
				CLANG_WARN_OBJC_ROOT_CLASS = YES_ERROR;
				CLANG_WARN_QUOTED_INCLUDE_IN_FRAMEWORK_HEADER = YES;
				CLANG_WARN_RANGE_LOOP_ANALYSIS = YES;
				CLANG_WARN_STRICT_PROTOTYPES = YES;
				CLANG_WARN_SUSPICIOUS_MOVE = YES;
				CLANG_WARN_UNGUARDED_AVAILABILITY = YES_AGGRESSIVE;
				CLANG_WARN_UNREACHABLE_CODE = YES;
				CLANG_WARN__DUPLICATE_METHOD_MATCH = YES;
				COPY_PHASE_STRIP = NO;
				DEBUG_INFORMATION_FORMAT = dwarf;
				DEFINES_MODULE = YES;
				ENABLE_STRICT_OBJC_MSGSEND = YES;
				ENABLE_TESTABILITY = YES;
				GCC_C_LANGUAGE_STANDARD = gnu11;
				GCC_DYNAMIC_NO_PIC = NO;
				GCC_NO_COMMON_BLOCKS = YES;
				GCC_OPTIMIZATION_LEVEL = 0;
				GCC_PREPROCESSOR_DEFINITIONS = (
					"DEBUG=1",
					"$(inherited)",
				);
				GCC_WARN_64_TO_32_BIT_CONVERSION = YES;
				GCC_WARN_ABOUT_RETURN_TYPE = YES_ERROR;
				GCC_WARN_UNDECLARED_SELECTOR = YES;
				GCC_WARN_UNINITIALIZED_AUTOS = YES_AGGRESSIVE;
				GCC_WARN_UNUSED_FUNCTION = YES;
				GCC_WARN_UNUSED_VARIABLE = YES;
				IPHONEOS_DEPLOYMENT_TARGET = 16.0;
				MTL_ENABLE_DEBUG_INFO = INCLUDE_SOURCE;
				MTL_FAST_MATH = YES;
				ONLY_ACTIVE_ARCH = YES;
				SDKROOT = iphoneos;
			};
			name = Debug;
		};
		90CAAA9C24E71FF10013969F /* Release */ = {
			isa = XCBuildConfiguration;
			buildSettings = {
				ALWAYS_SEARCH_USER_PATHS = NO;
				CLANG_ANALYZER_NONNULL = YES;
				CLANG_ANALYZER_NUMBER_OBJECT_CONVERSION = YES_AGGRESSIVE;
				CLANG_CXX_LANGUAGE_STANDARD = "gnu++17";
				CLANG_CXX_LIBRARY = "libc++";
				CLANG_ENABLE_MODULES = YES;
				CLANG_ENABLE_OBJC_ARC = YES;
				CLANG_ENABLE_OBJC_WEAK = YES;
				CLANG_WARN_BLOCK_CAPTURE_AUTORELEASING = YES;
				CLANG_WARN_BOOL_CONVERSION = YES;
				CLANG_WARN_COMMA = YES;
				CLANG_WARN_CONSTANT_CONVERSION = YES;
				CLANG_WARN_DEPRECATED_OBJC_IMPLEMENTATIONS = YES;
				CLANG_WARN_DIRECT_OBJC_ISA_USAGE = YES_ERROR;
				CLANG_WARN_DOCUMENTATION_COMMENTS = YES;
				CLANG_WARN_EMPTY_BODY = YES;
				CLANG_WARN_ENUM_CONVERSION = YES;
				CLANG_WARN_INFINITE_RECURSION = YES;
				CLANG_WARN_INT_CONVERSION = YES;
				CLANG_WARN_NON_LITERAL_NULL_CONVERSION = YES;
				CLANG_WARN_OBJC_IMPLICIT_RETAIN_SELF = YES;
				CLANG_WARN_OBJC_LITERAL_CONVERSION = YES;
				CLANG_WARN_OBJC_ROOT_CLASS = YES_ERROR;
				CLANG_WARN_QUOTED_INCLUDE_IN_FRAMEWORK_HEADER = YES;
				CLANG_WARN_RANGE_LOOP_ANALYSIS = YES;
				CLANG_WARN_STRICT_PROTOTYPES = YES;
				CLANG_WARN_SUSPICIOUS_MOVE = YES;
				CLANG_WARN_UNGUARDED_AVAILABILITY = YES_AGGRESSIVE;
				CLANG_WARN_UNREACHABLE_CODE = YES;
				CLANG_WARN__DUPLICATE_METHOD_MATCH = YES;
				COPY_PHASE_STRIP = NO;
				DEBUG_INFORMATION_FORMAT = "dwarf-with-dsym";
				DEFINES_MODULE = YES;
				ENABLE_NS_ASSERTIONS = NO;
				ENABLE_STRICT_OBJC_MSGSEND = YES;
				GCC_C_LANGUAGE_STANDARD = gnu11;
				GCC_NO_COMMON_BLOCKS = YES;
				GCC_WARN_64_TO_32_BIT_CONVERSION = YES;
				GCC_WARN_ABOUT_RETURN_TYPE = YES_ERROR;
				GCC_WARN_UNDECLARED_SELECTOR = YES;
				GCC_WARN_UNINITIALIZED_AUTOS = YES_AGGRESSIVE;
				GCC_WARN_UNUSED_FUNCTION = YES;
				GCC_WARN_UNUSED_VARIABLE = YES;
				IPHONEOS_DEPLOYMENT_TARGET = 16.0;
				MTL_ENABLE_DEBUG_INFO = NO;
				MTL_FAST_MATH = YES;
				SDKROOT = iphoneos;
				SWIFT_COMPILATION_MODE = wholemodule;
				VALIDATE_PRODUCT = YES;
			};
			name = Release;
		};
		90CAAA9E24E71FF10013969F /* Debug */ = {
			isa = XCBuildConfiguration;
			buildSettings = {
				CODE_SIGN_STYLE = Automatic;
				DEFINES_MODULE = YES;
				ENABLE_MODULE_VERIFIER = YES;
				GODOT_DIR = "$(SRCROOT)/godot";
				HEADER_SEARCH_PATHS = (
					"$(inherited)",
					"$(SRCROOT)/src",
				);
				IPHONEOS_DEPLOYMENT_TARGET = 16.0;
				LD_RUNPATH_SEARCH_PATHS = (
					"$(inherited)",
					"@executable_path/Frameworks",
					"@loader_path/Frameworks",
				);
				LIBRARY_SEARCH_PATHS = (
					"$(inherited)",
					"$(GODOT_DIR)/bin",
				);
				MODULE_VERIFIER_SUPPORTED_LANGUAGE_STANDARDS = "gnu11 gnu++17";
				ONLY_ACTIVE_ARCH = YES;
				OTHER_CFLAGS = (
					"-g",
					"-DDEBUG",
					"-DDEBUG_ENABLED",
					"-DDEBUG_MEMORY_ALLOC",
					"-DDISABLE_FORCED_INLINE",
					"-DTYPED_METHOD_BIND",
					"-fmodules",
					"-fobjc-arc",
					"-fmessage-length=0",
					"-fno-strict-aliasing",
					"-fdiagnostics-print-source-range-info",
					"-fdiagnostics-show-category=id",
					"-fdiagnostics-parseable-fixits",
					"-fpascal-strings",
					"-fblocks",
					"-fvisibility=hidden",
					"-MMD",
					"-fno-exceptions",
					"-Wno-ambiguous-macro",
					"-Wall",
					"-Werror=return-type",
					"-DPTRCALL_ENABLED",
				);
				OTHER_CPLUSPLUSFLAGS = (
					"-fcxx-modules",
					"-gdwarf-2",
					"-O0",
					"-DDEBUG_MEMORY_ALLOC",
					"-DDISABLE_FORCED_INLINE",
					"-D_DEBUG",
					"-DDEBUG=1",
					"-DDEBUG_ENABLED",
					"-DVERSION_4_0",
					"-DIOS_ENABLED",
					"-DNEED_LONG_INT",
					"-DLIBYUV_DISABLE_NEON",
					"-DIPHONE_ENABLED",
					"-DUNIX_ENABLED",
					"-DCOREAUDIO_ENABLED",
					"-DAPPLE_EMBEDDED_ENABLED",
					"-isystem",
					"$(GODOT_DIR)",
					"-isystem",
					"$(GODOT_DIR)/drivers/apple_embedded",
					"-isystem",
					"$(GODOT_DIR)/platform/ios",
				);
				OTHER_LDFLAGS = "$(inherited)";
				PRODUCT_MODULE_NAME = firebase_plugin;
				PRODUCT_NAME = "$(TARGET_NAME)";
				SKIP_INSTALL = YES;
				SWIFT_ACTIVE_COMPILATION_CONDITIONS = FIREBASE_PLUGIN_MODULE;
				SWIFT_OBJC_BRIDGING_HEADER = "src/firebase_plugin-Bridging-Header.h";
				SWIFT_OBJC_INTERFACE_HEADER_NAME = "firebase_plugin-Swift.h";
				SWIFT_OPTIMIZATION_LEVEL = "-Onone";
				SWIFT_VERSION = 5.9;
				TARGETED_DEVICE_FAMILY = "1,2";
			};
			name = Debug;
		};
		90CAAA9F24E71FF10013969F /* Release */ = {
			isa = XCBuildConfiguration;
			buildSettings = {
				CODE_SIGN_STYLE = Automatic;
				DEFINES_MODULE = YES;
				ENABLE_MODULE_VERIFIER = YES;
				GODOT_DIR = "$(SRCROOT)/godot";
				HEADER_SEARCH_PATHS = (
					"$(inherited)",
					"$(SRCROOT)/src",
				);
				IPHONEOS_DEPLOYMENT_TARGET = 16.0;
				LD_RUNPATH_SEARCH_PATHS = (
					"$(inherited)",
					"@executable_path/Frameworks",
					"@loader_path/Frameworks",
				);
				LIBRARY_SEARCH_PATHS = (
					"$(inherited)",
					"$(GODOT_DIR)/bin",
				);
				MODULE_VERIFIER_SUPPORTED_LANGUAGE_STANDARDS = "gnu11 gnu++17";
				ONLY_ACTIVE_ARCH = YES;
				OTHER_CFLAGS = (
					"-fmodules",
					"-fobjc-arc",
					"-fmessage-length=0",
					"-fno-strict-aliasing",
					"-fdiagnostics-print-source-range-info",
					"-fdiagnostics-show-category=id",
					"-fdiagnostics-parseable-fixits",
					"-fpascal-strings",
					"-fblocks",
					"-fvisibility=hidden",
					"-MMD",
					"-fno-exceptions",
					"-Wno-ambiguous-macro",
					"-Wall",
					"-Werror=return-type",
					"-DPTRCALL_ENABLED",
				);
				OTHER_CPLUSPLUSFLAGS = (
					"-fcxx-modules",
					"-O2",
					"-ftree-vectorize",
					"-DNDEBUG",
					"-DNS_BLOCK_ASSERTIONS=1",
					"-DVERSION_4_0",
					"-DIOS_ENABLED",
					"-DNEED_LONG_INT",
					"-DLIBYUV_DISABLE_NEON",
					"-DIPHONE_ENABLED",
					"-DUNIX_ENABLED",
					"-DCOREAUDIO_ENABLED",
					"-DAPPLE_EMBEDDED_ENABLED",
					"-isystem",
					"$(GODOT_DIR)",
					"-isystem",
					"$(GODOT_DIR)/drivers/apple_embedded",
					"-isystem",
					"$(GODOT_DIR)/platform/ios",
				);
				OTHER_LDFLAGS = "$(inherited)";
				PRODUCT_MODULE_NAME = firebase_plugin;
				PRODUCT_NAME = "$(TARGET_NAME)";
				SKIP_INSTALL = YES;
				SWIFT_ACTIVE_COMPILATION_CONDITIONS = FIREBASE_PLUGIN_MODULE;
				SWIFT_OBJC_BRIDGING_HEADER = "src/firebase_plugin-Bridging-Header.h";
				SWIFT_OBJC_INTERFACE_HEADER_NAME = "firebase_plugin-Swift.h";
				SWIFT_VERSION = 5.9;
				TARGETED_DEVICE_FAMILY = "1,2";
			};
			name = Release;
		};
/* End XCBuildConfiguration section */

/* Begin XCConfigurationList section */
		0721C6A72F82629000A9BA75 /* Build configuration list for PBXNativeTarget "firebase_plugin_tests" */ = {
			isa = XCConfigurationList;
			buildConfigurations = (
				0721C6A52F82629000A9BA75 /* Debug */,
				0721C6A62F82629000A9BA75 /* Release */,
			);
			defaultConfigurationIsVisible = 0;
			defaultConfigurationName = Release;
		};
		90CAAA8F24E71FF10013969F /* Build configuration list for PBXProject "plugin" */ = {
			isa = XCConfigurationList;
			buildConfigurations = (
				90CAAA9B24E71FF10013969F /* Debug */,
				90CAAA9C24E71FF10013969F /* Release */,
			);
			defaultConfigurationIsVisible = 0;
			defaultConfigurationName = Release;
		};
		90CAAA9D24E71FF10013969F /* Build configuration list for PBXNativeTarget "firebase_plugin" */ = {
			isa = XCConfigurationList;
			buildConfigurations = (
				90CAAA9E24E71FF10013969F /* Debug */,
				90CAAA9F24E71FF10013969F /* Release */,
			);
			defaultConfigurationIsVisible = 0;
			defaultConfigurationName = Release;
		};
/* End XCConfigurationList section */

/* Begin XCRemoteSwiftPackageReference section */
		242AC6633D13604C2C1C5F9A /* XCRemoteSwiftPackageReference "firebase-ios-sdk" */ = {
			isa = XCRemoteSwiftPackageReference;
			repositoryURL = "https://github.com/firebase/firebase-ios-sdk.git";
			requirement = {
				kind = upToNextMajorVersion;
				minimumVersion = 12.12.1;
			};
		};
		49C20921F432F63AEA538463 /* XCRemoteSwiftPackageReference "GoogleSignIn-iOS" */ = {
			isa = XCRemoteSwiftPackageReference;
			repositoryURL = "https://github.com/google/GoogleSignIn-iOS.git";
			requirement = {
				kind = upToNextMajorVersion;
				minimumVersion = 9.1.0;
			};
		};
/* End XCRemoteSwiftPackageReference section */

/* Begin XCSwiftPackageProductDependency section */
		088139F22FA3C6C73B232B9C /* FirebaseCore */ = {
			isa = XCSwiftPackageProductDependency;
			package = 242AC6633D13604C2C1C5F9A /* XCRemoteSwiftPackageReference "firebase-ios-sdk" */;
			productName = FirebaseCore;
		};
		4D144D17A4D4491E0DB853E8 /* GoogleSignIn */ = {
			isa = XCSwiftPackageProductDependency;
			package = 49C20921F432F63AEA538463 /* XCRemoteSwiftPackageReference "GoogleSignIn-iOS" */;
			productName = GoogleSignIn;
		};
		5C489A971D1C3DAD1B4E9B96 /* FirebaseAuth */ = {
			isa = XCSwiftPackageProductDependency;
			package = 242AC6633D13604C2C1C5F9A /* XCRemoteSwiftPackageReference "firebase-ios-sdk" */;
			productName = FirebaseAuth;
		};
		B109982CFAA6AC62A6538018 /* FirebaseFirestore */ = {
			isa = XCSwiftPackageProductDependency;
			package = 242AC6633D13604C2C1C5F9A /* XCRemoteSwiftPackageReference "firebase-ios-sdk" */;
			productName = FirebaseFirestore;
		};
/* End XCSwiftPackageProductDependency section */
	};
	rootObject = 90CAAA8C24E71FF10013969F /* Project object */;
}
